
Microsoft Visual Studio Solution File, Format Version 12.00
# Visual Studio Version 16
VisualStudioVersion = 16.0.29102.190
MinimumVisualStudioVersion = 10.0.40219.1
Project("{FAE04EC0-301F-11D3-BF4B-00C04F79EFBC}") = "TechCoreSolutions", "TechCoreSolutions\TechCoreSolutions.csproj", "{6B64B026-ED3D-4F23-A6DE-8BB4F8E6444F}"
EndProject
Global
	GlobalSection(SolutionConfigurationPlatforms) = preSolution
		Debug|Any CPU = Debug|Any CPU
		Release|Any CPU = Release|Any CPU
	EndGlobalSection
	GlobalSection(ProjectConfigurationPlatforms) = postSolution
		{6B64B026-ED3D-4F23-A6DE-8BB4F8E6444F}.Debug|Any CPU.ActiveCfg = Debug|Any CPU
		{6B64B026-ED3D-4F23-A6DE-8BB4F8E6444F}.Debug|Any CPU.Build.0 = Debug|Any CPU
		{6B64B026-ED3D-4F23-A6DE-8BB4F8E6444F}.Release|Any CPU.ActiveCfg = Release|Any CPU
		{6B64B026-ED3D-4F23-A6DE-8BB4F8E6444F}.Release|Any CPU.Build.0 = Release|Any CPU
	EndGlobalSection
	GlobalSection(SolutionProperties) = preSolution
		HideSolutionNode = FALSE
	EndGlobalSection
	GlobalSection(ExtensibilityGlobals) = postSolution
		SolutionGuid = {0F8B1272-91FA-4E2A-B7FE-6B23B236A1F8}
	EndGlobalSection
EndGlobal
